
Microsoft Visual Studio Solution File, Format Version 12.00
# Visual Studio 15
VisualStudioVersion = 15.0.28307.1082
MinimumVisualStudioVersion = 10.0.40219.1
Project("{FAE04EC0-301F-11D3-BF4B-00C04F79EFBC}") = "AutoLotDAL_Core2", "AutoLotDAL_Core2\AutoLotDAL_Core2.csproj", "{9AD88B1D-9AFC-4DB2-A1EB-ED034A1581F8}"
EndProject
Project("{FAE04EC0-301F-11D3-BF4B-00C04F79EFBC}") = "AutoLotDAL_Core2.Models", "AutoLotDAL_Core2.Models\AutoLotDAL_Core2.Models.csproj", "{DD0A5751-D3F6-47D8-801B-E9707548176B}"
EndProject
Project("{FAE04EC0-301F-11D3-BF4B-00C04F79EFBC}") = "AutoLotDAL_Core2.TestDriver", "AutoLotDAL_Core2.TestDriver\AutoLotDAL_Core2.TestDriver.csproj", "{5606916A-1185-4CD2-9D2B-DBD7E15F020B}"
EndProject
Global
	GlobalSection(SolutionConfigurationPlatforms) = preSolution
		Debug|Any CPU = Debug|Any CPU
		Release|Any CPU = Release|Any CPU
	EndGlobalSection
	GlobalSection(ProjectConfigurationPlatforms) = postSolution
		{9AD88B1D-9AFC-4DB2-A1EB-ED034A1581F8}.Debug|Any CPU.ActiveCfg = Debug|Any CPU
		{9AD88B1D-9AFC-4DB2-A1EB-ED034A1581F8}.Debug|Any CPU.Build.0 = Debug|Any CPU
		{9AD88B1D-9AFC-4DB2-A1EB-ED034A1581F8}.Release|Any CPU.ActiveCfg = Release|Any CPU
		{9AD88B1D-9AFC-4DB2-A1EB-ED034A1581F8}.Release|Any CPU.Build.0 = Release|Any CPU
		{DD0A5751-D3F6-47D8-801B-E9707548176B}.Debug|Any CPU.ActiveCfg = Debug|Any CPU
		{DD0A5751-D3F6-47D8-801B-E9707548176B}.Debug|Any CPU.Build.0 = Debug|Any CPU
		{DD0A5751-D3F6-47D8-801B-E9707548176B}.Release|Any CPU.ActiveCfg = Release|Any CPU
		{DD0A5751-D3F6-47D8-801B-E9707548176B}.Release|Any CPU.Build.0 = Release|Any CPU
		{5606916A-1185-4CD2-9D2B-DBD7E15F020B}.Debug|Any CPU.ActiveCfg = Debug|Any CPU
		{5606916A-1185-4CD2-9D2B-DBD7E15F020B}.Debug|Any CPU.Build.0 = Debug|Any CPU
		{5606916A-1185-4CD2-9D2B-DBD7E15F020B}.Release|Any CPU.ActiveCfg = Release|Any CPU
		{5606916A-1185-4CD2-9D2B-DBD7E15F020B}.Release|Any CPU.Build.0 = Release|Any CPU
	EndGlobalSection
	GlobalSection(SolutionProperties) = preSolution
		HideSolutionNode = FALSE
	EndGlobalSection
	GlobalSection(ExtensibilityGlobals) = postSolution
		SolutionGuid = {28A11EFD-AD13-4850-97E0-A6F1EC1AA019}
	EndGlobalSection
EndGlobal
